{
  "name": "@chargeframework/test-package-c",
  "version": "1.0.0",
  "lockfileVersion": 1,
  "requires": true,
  "dependencies": {
    "@chargeframework/test-package-a": {
      "version": "2.0.2",
      "resolved": "https://registry.npmjs.org/@chargeframework/test-package-a/-/test-package-a-2.0.2.tgz",
      "integrity": "sha512-rVceDUBbXp4D/qPsvlR50tZGkBtIu3uO4ihPAG245jcqgtWrVpr5MASvnbaRk86pdWyXXVbLpgCZ4T7TY459yQ=="
    },
    "@chargeframework/test-package-b": {
      "version": "2.0.4",
      "resolved": "https://registry.npmjs.org/@chargeframework/test-package-b/-/test-package-b-2.0.4.tgz",
      "integrity": "sha512-F4tgtfBZv9aqIbmtwenXfa/R/GpP85TpMsGczF8DKYk2izGcu+BjwXHX96eBGlXeRAYNJ+k5nKawPLY696PeXQ=="
    }
  }
}
