{
  "name": "@chargeframework/test-package-c",
  "version": "1.0.0",
  "lockfileVersion": 1,
  "requires": true,
  "dependencies": {
    "@chargeframework/test-package-a": {
      "version": "2.0.2",
      "resolved": "https://registry.npmjs.org/@chargeframework/test-package-a/-/test-package-a-2.0.2.tgz",
      "integrity": "sha512-rVceDUBbXp4D/qPsvlR50tZGkBtIu3uO4ihPAG245jcqgtWrVpr5MASvnbaRk86pdWyXXVbLpgCZ4T7TY459yQ=="
    },
    "@chargeframework/test-package-b": {
      "version": "2.0.3",
      "resolved": "https://registry.npmjs.org/@chargeframework/test-package-b/-/test-package-b-2.0.3.tgz",
      "integrity": "sha512-pjY8ETBcistsfQZbT0Kihu0naiZdBGPRmalG3t+Oya7r/LNKsrolLUwcK5Zi+KrcjJULtZeKpxsHs84LZ1GiLQ=="
    }
  }
}
