# THIS IS AN AUTOGENERATED FILE. DO NOT EDIT THIS FILE DIRECTLY.
# yarn lockfile v1


"@chargeframework/test-package-a@^2.0.0":
  version "2.0.2"
  resolved "https://registry.yarnpkg.com/@chargeframework/test-package-a/-/test-package-a-2.0.2.tgz#c1fbca3018d1fade3497b9aea26ae8a5df993615"

"@chargeframework/test-package-b@^2.0.1":
  version "2.0.3"
  resolved "https://registry.yarnpkg.com/@chargeframework/test-package-b/-/test-package-b-2.0.3.tgz#e7f0d914ab560a0089264abf6c23dc2355084d51"
