# THIS IS AN AUTOGENERATED FILE. DO NOT EDIT THIS FILE DIRECTLY.
# yarn lockfile v1


"@chargeframework/test-package-a@^2.0.0":
  version "2.0.0"
  resolved "https://registry.yarnpkg.com/@chargeframework/test-package-a/-/test-package-a-2.0.0.tgz#695ad2e6d3dac03f48530f5bc18550970146c4af"

"@chargeframework/test-package-b@^2.0.1":
  version "2.0.1"
  resolved "https://registry.yarnpkg.com/@chargeframework/test-package-b/-/test-package-b-2.0.1.tgz#e81b8803018b84765ba7b3f15625b69b8b499cf1"
